
Microsoft Visual Studio Solution File, Format Version 12.00
# Visual Studio Version 16
VisualStudioVersion = 16.0.30503.244
MinimumVisualStudioVersion = 10.0.40219.1
Project("{FAE04EC0-301F-11D3-BF4B-00C04F79EFBC}") = "Knight's move", "Knight's move\Knight's move.csproj", "{CDC80685-D714-46B1-A0C7-72B925A3F862}"
EndProject
Global
	GlobalSection(SolutionConfigurationPlatforms) = preSolution
		Debug|Any CPU = Debug|Any CPU
		Release|Any CPU = Release|Any CPU
	EndGlobalSection
	GlobalSection(ProjectConfigurationPlatforms) = postSolution
		{CDC80685-D714-46B1-A0C7-72B925A3F862}.Debug|Any CPU.ActiveCfg = Debug|Any CPU
		{CDC80685-D714-46B1-A0C7-72B925A3F862}.Debug|Any CPU.Build.0 = Debug|Any CPU
		{CDC80685-D714-46B1-A0C7-72B925A3F862}.Release|Any CPU.ActiveCfg = Release|Any CPU
		{CDC80685-D714-46B1-A0C7-72B925A3F862}.Release|Any CPU.Build.0 = Release|Any CPU
	EndGlobalSection
	GlobalSection(SolutionProperties) = preSolution
		HideSolutionNode = FALSE
	EndGlobalSection
	GlobalSection(ExtensibilityGlobals) = postSolution
		SolutionGuid = {02B33528-7732-4C21-9FD2-7A30EC01EB37}
	EndGlobalSection
EndGlobal
